// !$*UTF8*$!
{
	archiveVersion = 1;
	classes = {
	};
	objectVersion = 46;
	objects = {

/* Begin PBXBuildFile section */
		15576DF01F759ADF00F6D436 /* ScheduleModelPicker.swift in Sources */ = {isa = PBXBuildFile; fileRef = 15576DEF1F759ADF00F6D436 /* ScheduleModelPicker.swift */; };
		156B22711F758763004C5959 /* Data.swift in Sources */ = {isa = PBXBuildFile; fileRef = 156B22701F758763004C5959 /* Data.swift */; };
		5AA225C11F87CBB600F12185 /* MyAlarm.swift in Sources */ = {isa = PBXBuildFile; fileRef = 5AA225C01F87CBB600F12185 /* MyAlarm.swift */; };
		D43867E91F6808C00044FD57 /* AppDelegate.swift in Sources */ = {isa = PBXBuildFile; fileRef = D43867E81F6808C00044FD57 /* AppDelegate.swift */; };
		D43867EB1F6808C00044FD57 /* ChangeScheduleViewController.swift in Sources */ = {isa = PBXBuildFile; fileRef = D43867EA1F6808C00044FD57 /* ChangeScheduleViewController.swift */; };
		D43867EE1F6808C00044FD57 /* Main.storyboard in Resources */ = {isa = PBXBuildFile; fileRef = D43867EC1F6808C00044FD57 /* Main.storyboard */; };
		D43867F11F6808C00044FD57 /* TwoMinuteWarning.xcdatamodeld in Sources */ = {isa = PBXBuildFile; fileRef = D43867EF1F6808C00044FD57 /* TwoMinuteWarning.xcdatamodeld */; };
		D43867F31F6808C00044FD57 /* Assets.xcassets in Resources */ = {isa = PBXBuildFile; fileRef = D43867F21F6808C00044FD57 /* Assets.xcassets */; };
		D43867F61F6808C00044FD57 /* LaunchScreen.storyboard in Resources */ = {isa = PBXBuildFile; fileRef = D43867F41F6808C00044FD57 /* LaunchScreen.storyboard */; };
		D43868001F6809D40044FD57 /* CloudKit.framework in Frameworks */ = {isa = PBXBuildFile; fileRef = D43867FF1F6809D40044FD57 /* CloudKit.framework */; };
		D45949001F6BF374004B0F9B /* ScheduleModel.swift in Sources */ = {isa = PBXBuildFile; fileRef = D45948FF1F6BF374004B0F9B /* ScheduleModel.swift */; };
		D4B06EF91F77CE0100B27942 /* CSExtention.swift in Sources */ = {isa = PBXBuildFile; fileRef = D4B06EF81F77CE0100B27942 /* CSExtention.swift */; };
		D4E2EBEE1F7A7F4E00CE19DA /* OnBoardVC.swift in Sources */ = {isa = PBXBuildFile; fileRef = D4E2EBED1F7A7F4E00CE19DA /* OnBoardVC.swift */; };
		D4ECEEC31F708F1200BEB700 /* Label.swift in Sources */ = {isa = PBXBuildFile; fileRef = D4ECEEC21F708F1200BEB700 /* Label.swift */; };
/* End PBXBuildFile section */

/* Begin PBXFileReference section */
		15576DEF1F759ADF00F6D436 /* ScheduleModelPicker.swift */ = {isa = PBXFileReference; lastKnownFileType = sourcecode.swift; path = ScheduleModelPicker.swift; sourceTree = "<group>"; };
		156B22701F758763004C5959 /* Data.swift */ = {isa = PBXFileReference; lastKnownFileType = sourcecode.swift; path = Data.swift; sourceTree = "<group>"; };
		5AA225C01F87CBB600F12185 /* MyAlarm.swift */ = {isa = PBXFileReference; lastKnownFileType = sourcecode.swift; name = MyAlarm.swift; path = TwoMinuteWarning/Model/MyAlarm.swift; sourceTree = SOURCE_ROOT; };
		D43867E51F6808C00044FD57 /* TwoMinuteWarning.app */ = {isa = PBXFileReference; explicitFileType = wrapper.application; includeInIndex = 0; path = TwoMinuteWarning.app; sourceTree = BUILT_PRODUCTS_DIR; };
		D43867E81F6808C00044FD57 /* AppDelegate.swift */ = {isa = PBXFileReference; lastKnownFileType = sourcecode.swift; path = AppDelegate.swift; sourceTree = "<group>"; };
		D43867EA1F6808C00044FD57 /* ChangeScheduleViewController.swift */ = {isa = PBXFileReference; lastKnownFileType = sourcecode.swift; path = ChangeScheduleViewController.swift; sourceTree = "<group>"; };
		D43867ED1F6808C00044FD57 /* Base */ = {isa = PBXFileReference; lastKnownFileType = file.storyboard; name = Base; path = Base.lproj/Main.storyboard; sourceTree = "<group>"; };
		D43867F01F6808C00044FD57 /* TwoMinuteWarning.xcdatamodel */ = {isa = PBXFileReference; lastKnownFileType = wrapper.xcdatamodel; path = TwoMinuteWarning.xcdatamodel; sourceTree = "<group>"; };
		D43867F21F6808C00044FD57 /* Assets.xcassets */ = {isa = PBXFileReference; lastKnownFileType = folder.assetcatalog; path = Assets.xcassets; sourceTree = "<group>"; };
		D43867F51F6808C00044FD57 /* Base */ = {isa = PBXFileReference; lastKnownFileType = file.storyboard; name = Base; path = Base.lproj/LaunchScreen.storyboard; sourceTree = "<group>"; };
		D43867F71F6808C00044FD57 /* Info.plist */ = {isa = PBXFileReference; lastKnownFileType = text.plist.xml; path = Info.plist; sourceTree = "<group>"; };
		D43867FD1F6808DB0044FD57 /* TwoMinuteWarning.entitlements */ = {isa = PBXFileReference; lastKnownFileType = text.plist.entitlements; path = TwoMinuteWarning.entitlements; sourceTree = "<group>"; };
		D43867FF1F6809D40044FD57 /* CloudKit.framework */ = {isa = PBXFileReference; lastKnownFileType = wrapper.framework; name = CloudKit.framework; path = System/Library/Frameworks/CloudKit.framework; sourceTree = SDKROOT; };
		D45948FF1F6BF374004B0F9B /* ScheduleModel.swift */ = {isa = PBXFileReference; lastKnownFileType = sourcecode.swift; path = ScheduleModel.swift; sourceTree = "<group>"; };
		D4B06EF81F77CE0100B27942 /* CSExtention.swift */ = {isa = PBXFileReference; lastKnownFileType = sourcecode.swift; path = CSExtention.swift; sourceTree = "<group>"; };
		D4E2EBED1F7A7F4E00CE19DA /* OnBoardVC.swift */ = {isa = PBXFileReference; fileEncoding = 4; lastKnownFileType = sourcecode.swift; path = OnBoardVC.swift; sourceTree = "<group>"; };
		D4ECEEC21F708F1200BEB700 /* Label.swift */ = {isa = PBXFileReference; fileEncoding = 4; lastKnownFileType = sourcecode.swift; path = Label.swift; sourceTree = "<group>"; };
/* End PBXFileReference section */

/* Begin PBXFrameworksBuildPhase section */
		D43867E21F6808C00044FD57 /* Frameworks */ = {
			isa = PBXFrameworksBuildPhase;
			buildActionMask = 2147483647;
			files = (
				D43868001F6809D40044FD57 /* CloudKit.framework in Frameworks */,
			);
			runOnlyForDeploymentPostprocessing = 0;
		};
/* End PBXFrameworksBuildPhase section */

/* Begin PBXGroup section */
		156B226D1F756CB8004C5959 /* Model */ = {
			isa = PBXGroup;
			children = (
				D4ECEEC21F708F1200BEB700 /* Label.swift */,
				D45948FF1F6BF374004B0F9B /* ScheduleModel.swift */,
				156B22701F758763004C5959 /* Data.swift */,
				5AA225C01F87CBB600F12185 /* MyAlarm.swift */,
			);
			path = Model;
			sourceTree = "<group>";
		};
		156B226E1F756CE5004C5959 /* View */ = {
			isa = PBXGroup;
			children = (
				D43867F41F6808C00044FD57 /* LaunchScreen.storyboard */,
				D43867EC1F6808C00044FD57 /* Main.storyboard */,
				15576DEF1F759ADF00F6D436 /* ScheduleModelPicker.swift */,
			);
			path = View;
			sourceTree = "<group>";
		};
		156B226F1F756CEE004C5959 /* Controller */ = {
			isa = PBXGroup;
			children = (
				D43867EA1F6808C00044FD57 /* ChangeScheduleViewController.swift */,
				D4E2EBED1F7A7F4E00CE19DA /* OnBoardVC.swift */,
				D43867E81F6808C00044FD57 /* AppDelegate.swift */,
				D4B06EF81F77CE0100B27942 /* CSExtention.swift */,
			);
			path = Controller;
			sourceTree = "<group>";
		};
		D43867DC1F6808C00044FD57 = {
			isa = PBXGroup;
			children = (
				D43867E71F6808C00044FD57 /* TwoMinuteWarning */,
				D43867E61F6808C00044FD57 /* Products */,
				D43867FE1F6809D40044FD57 /* Frameworks */,
			);
			sourceTree = "<group>";
		};
		D43867E61F6808C00044FD57 /* Products */ = {
			isa = PBXGroup;
			children = (
				D43867E51F6808C00044FD57 /* TwoMinuteWarning.app */,
			);
			name = Products;
			sourceTree = "<group>";
		};
		D43867E71F6808C00044FD57 /* TwoMinuteWarning */ = {
			isa = PBXGroup;
			children = (
				156B226D1F756CB8004C5959 /* Model */,
				156B226E1F756CE5004C5959 /* View */,
				156B226F1F756CEE004C5959 /* Controller */,
				D43867FD1F6808DB0044FD57 /* TwoMinuteWarning.entitlements */,
				D43867F21F6808C00044FD57 /* Assets.xcassets */,
				D43867F71F6808C00044FD57 /* Info.plist */,
				D43867EF1F6808C00044FD57 /* TwoMinuteWarning.xcdatamodeld */,
			);
			path = TwoMinuteWarning;
			sourceTree = "<group>";
		};
		D43867FE1F6809D40044FD57 /* Frameworks */ = {
			isa = PBXGroup;
			children = (
				D43867FF1F6809D40044FD57 /* CloudKit.framework */,
			);
			name = Frameworks;
			sourceTree = "<group>";
		};
/* End PBXGroup section */

/* Begin PBXNativeTarget section */
		D43867E41F6808C00044FD57 /* TwoMinuteWarning */ = {
			isa = PBXNativeTarget;
			buildConfigurationList = D43867FA1F6808C00044FD57 /* Build configuration list for PBXNativeTarget "TwoMinuteWarning" */;
			buildPhases = (
				D43867E11F6808C00044FD57 /* Sources */,
				D43867E21F6808C00044FD57 /* Frameworks */,
				D43867E31F6808C00044FD57 /* Resources */,
			);
			buildRules = (
			);
			dependencies = (
			);
			name = TwoMinuteWarning;
			productName = TwoMinuteWarning;
			productReference = D43867E51F6808C00044FD57 /* TwoMinuteWarning.app */;
			productType = "com.apple.product-type.application";
		};
/* End PBXNativeTarget section */

/* Begin PBXProject section */
		D43867DD1F6808C00044FD57 /* Project object */ = {
			isa = PBXProject;
			attributes = {
				LastSwiftUpdateCheck = 0830;
				LastUpgradeCheck = 0900;
				ORGANIZATIONNAME = "Rob Fitzgerald, Inc";
				TargetAttributes = {
					D43867E41F6808C00044FD57 = {
						CreatedOnToolsVersion = 8.3.3;
						DevelopmentTeam = 275674938X;
						ProvisioningStyle = Automatic;
						SystemCapabilities = {
							com.apple.Push = {
								enabled = 1;
							};
							com.apple.iCloud = {
								enabled = 1;
							};
						};
					};
				};
			};
			buildConfigurationList = D43867E01F6808C00044FD57 /* Build configuration list for PBXProject "TwoMinuteWarning" */;
			compatibilityVersion = "Xcode 3.2";
			developmentRegion = English;
			hasScannedForEncodings = 0;
			knownRegions = (
				en,
				Base,
			);
			mainGroup = D43867DC1F6808C00044FD57;
			productRefGroup = D43867E61F6808C00044FD57 /* Products */;
			projectDirPath = "";
			projectRoot = "";
			targets = (
				D43867E41F6808C00044FD57 /* TwoMinuteWarning */,
			);
		};
/* End PBXProject section */

/* Begin PBXResourcesBuildPhase section */
		D43867E31F6808C00044FD57 /* Resources */ = {
			isa = PBXResourcesBuildPhase;
			buildActionMask = 2147483647;
			files = (
				D43867F61F6808C00044FD57 /* LaunchScreen.storyboard in Resources */,
				D43867F31F6808C00044FD57 /* Assets.xcassets in Resources */,
				D43867EE1F6808C00044FD57 /* Main.storyboard in Resources */,
			);
			runOnlyForDeploymentPostprocessing = 0;
		};
/* End PBXResourcesBuildPhase section */

/* Begin PBXSourcesBuildPhase section */
		D43867E11F6808C00044FD57 /* Sources */ = {
			isa = PBXSourcesBuildPhase;
			buildActionMask = 2147483647;
			files = (
				D4B06EF91F77CE0100B27942 /* CSExtention.swift in Sources */,
				D43867EB1F6808C00044FD57 /* ChangeScheduleViewController.swift in Sources */,
				156B22711F758763004C5959 /* Data.swift in Sources */,
				D4E2EBEE1F7A7F4E00CE19DA /* OnBoardVC.swift in Sources */,
				D43867F11F6808C00044FD57 /* TwoMinuteWarning.xcdatamodeld in Sources */,
				D45949001F6BF374004B0F9B /* ScheduleModel.swift in Sources */,
				D4ECEEC31F708F1200BEB700 /* Label.swift in Sources */,
				D43867E91F6808C00044FD57 /* AppDelegate.swift in Sources */,
				15576DF01F759ADF00F6D436 /* ScheduleModelPicker.swift in Sources */,
				5AA225C11F87CBB600F12185 /* MyAlarm.swift in Sources */,
			);
			runOnlyForDeploymentPostprocessing = 0;
		};
/* End PBXSourcesBuildPhase section */

/* Begin PBXVariantGroup section */
		D43867EC1F6808C00044FD57 /* Main.storyboard */ = {
			isa = PBXVariantGroup;
			children = (
				D43867ED1F6808C00044FD57 /* Base */,
			);
			name = Main.storyboard;
			sourceTree = "<group>";
		};
		D43867F41F6808C00044FD57 /* LaunchScreen.storyboard */ = {
			isa = PBXVariantGroup;
			children = (
				D43867F51F6808C00044FD57 /* Base */,
			);
			name = LaunchScreen.storyboard;
			sourceTree = "<group>";
		};
/* End PBXVariantGroup section */

/* Begin XCBuildConfiguration section */
		D43867F81F6808C00044FD57 /* Debug */ = {
			isa = XCBuildConfiguration;
			buildSettings = {
				ALWAYS_SEARCH_USER_PATHS = NO;
				CLANG_ANALYZER_NONNULL = YES;
				CLANG_ANALYZER_NUMBER_OBJECT_CONVERSION = YES_AGGRESSIVE;
				CLANG_CXX_LANGUAGE_STANDARD = "gnu++0x";
				CLANG_CXX_LIBRARY = "libc++";
				CLANG_ENABLE_MODULES = YES;
				CLANG_ENABLE_OBJC_ARC = YES;
				CLANG_WARN_BLOCK_CAPTURE_AUTORELEASING = YES;
				CLANG_WARN_BOOL_CONVERSION = YES;
				CLANG_WARN_COMMA = YES;
				CLANG_WARN_CONSTANT_CONVERSION = YES;
				CLANG_WARN_DIRECT_OBJC_ISA_USAGE = YES_ERROR;
				CLANG_WARN_DOCUMENTATION_COMMENTS = YES;
				CLANG_WARN_EMPTY_BODY = YES;
				CLANG_WARN_ENUM_CONVERSION = YES;
				CLANG_WARN_INFINITE_RECURSION = YES;
				CLANG_WARN_INT_CONVERSION = YES;
				CLANG_WARN_NON_LITERAL_NULL_CONVERSION = YES;
				CLANG_WARN_OBJC_LITERAL_CONVERSION = YES;
				CLANG_WARN_OBJC_ROOT_CLASS = YES_ERROR;
				CLANG_WARN_RANGE_LOOP_ANALYSIS = YES;
				CLANG_WARN_STRICT_PROTOTYPES = YES;
				CLANG_WARN_SUSPICIOUS_MOVE = YES;
				CLANG_WARN_UNREACHABLE_CODE = YES;
				CLANG_WARN__DUPLICATE_METHOD_MATCH = YES;
				CODE_SIGN_IDENTITY = "iPhone Developer";
				"CODE_SIGN_IDENTITY[sdk=iphoneos*]" = "iPhone Developer";
				CODE_SIGN_STYLE = Automatic;
				COPY_PHASE_STRIP = NO;
				DEBUG_INFORMATION_FORMAT = dwarf;
				DEVELOPMENT_TEAM = 275674938X;
				ENABLE_STRICT_OBJC_MSGSEND = YES;
				ENABLE_TESTABILITY = YES;
				GCC_C_LANGUAGE_STANDARD = gnu99;
				GCC_DYNAMIC_NO_PIC = NO;
				GCC_NO_COMMON_BLOCKS = YES;
				GCC_OPTIMIZATION_LEVEL = 0;
				GCC_PREPROCESSOR_DEFINITIONS = (
					"DEBUG=1",
					"$(inherited)",
				);
				GCC_WARN_64_TO_32_BIT_CONVERSION = YES;
				GCC_WARN_ABOUT_RETURN_TYPE = YES_ERROR;
				GCC_WARN_UNDECLARED_SELECTOR = YES;
				GCC_WARN_UNINITIALIZED_AUTOS = YES_AGGRESSIVE;
				GCC_WARN_UNUSED_FUNCTION = YES;
				GCC_WARN_UNUSED_VARIABLE = YES;
				IPHONEOS_DEPLOYMENT_TARGET = 10.3;
				MTL_ENABLE_DEBUG_INFO = YES;
				ONLY_ACTIVE_ARCH = YES;
				SDKROOT = iphoneos;
				SWIFT_ACTIVE_COMPILATION_CONDITIONS = DEBUG;
				SWIFT_OPTIMIZATION_LEVEL = "-Onone";
				TARGETED_DEVICE_FAMILY = "1,2";
			};
			name = Debug;
		};
		D43867F91F6808C00044FD57 /* Release */ = {
			isa = XCBuildConfiguration;
			buildSettings = {
				ALWAYS_SEARCH_USER_PATHS = NO;
				CLANG_ANALYZER_NONNULL = YES;
				CLANG_ANALYZER_NUMBER_OBJECT_CONVERSION = YES_AGGRESSIVE;
				CLANG_CXX_LANGUAGE_STANDARD = "gnu++0x";
				CLANG_CXX_LIBRARY = "libc++";
				CLANG_ENABLE_MODULES = YES;
				CLANG_ENABLE_OBJC_ARC = YES;
				CLANG_WARN_BLOCK_CAPTURE_AUTORELEASING = YES;
				CLANG_WARN_BOOL_CONVERSION = YES;
				CLANG_WARN_COMMA = YES;
				CLANG_WARN_CONSTANT_CONVERSION = YES;
				CLANG_WARN_DIRECT_OBJC_ISA_USAGE = YES_ERROR;
				CLANG_WARN_DOCUMENTATION_COMMENTS = YES;
				CLANG_WARN_EMPTY_BODY = YES;
				CLANG_WARN_ENUM_CONVERSION = YES;
				CLANG_WARN_INFINITE_RECURSION = YES;
				CLANG_WARN_INT_CONVERSION = YES;
				CLANG_WARN_NON_LITERAL_NULL_CONVERSION = YES;
				CLANG_WARN_OBJC_LITERAL_CONVERSION = YES;
				CLANG_WARN_OBJC_ROOT_CLASS = YES_ERROR;
				CLANG_WARN_RANGE_LOOP_ANALYSIS = YES;
				CLANG_WARN_STRICT_PROTOTYPES = YES;
				CLANG_WARN_SUSPICIOUS_MOVE = YES;
				CLANG_WARN_UNREACHABLE_CODE = YES;
				CLANG_WARN__DUPLICATE_METHOD_MATCH = YES;
				CODE_SIGN_IDENTITY = "iPhone Developer";
				"CODE_SIGN_IDENTITY[sdk=iphoneos*]" = "iPhone Developer";
				CODE_SIGN_STYLE = Automatic;
				COPY_PHASE_STRIP = NO;
				DEBUG_INFORMATION_FORMAT = "dwarf-with-dsym";
				DEVELOPMENT_TEAM = 275674938X;
				ENABLE_NS_ASSERTIONS = NO;
				ENABLE_STRICT_OBJC_MSGSEND = YES;
				GCC_C_LANGUAGE_STANDARD = gnu99;
				GCC_NO_COMMON_BLOCKS = YES;
				GCC_WARN_64_TO_32_BIT_CONVERSION = YES;
				GCC_WARN_ABOUT_RETURN_TYPE = YES_ERROR;
				GCC_WARN_UNDECLARED_SELECTOR = YES;
				GCC_WARN_UNINITIALIZED_AUTOS = YES_AGGRESSIVE;
				GCC_WARN_UNUSED_FUNCTION = YES;
				GCC_WARN_UNUSED_VARIABLE = YES;
				IPHONEOS_DEPLOYMENT_TARGET = 10.3;
				MTL_ENABLE_DEBUG_INFO = NO;
				SDKROOT = iphoneos;
				SWIFT_OPTIMIZATION_LEVEL = "-Owholemodule";
				TARGETED_DEVICE_FAMILY = "1,2";
				VALIDATE_PRODUCT = YES;
			};
			name = Release;
		};
		D43867FB1F6808C00044FD57 /* Debug */ = {
			isa = XCBuildConfiguration;
			buildSettings = {
				ALWAYS_EMBED_SWIFT_STANDARD_LIBRARIES = YES;
				ASSETCATALOG_COMPILER_APPICON_NAME = AppIcon;
				CODE_SIGN_ENTITLEMENTS = "";
				CODE_SIGN_IDENTITY = "iPhone Developer";
				"CODE_SIGN_IDENTITY[sdk=iphoneos*]" = "iPhone Developer";
				CODE_SIGN_STYLE = Automatic;
				DEVELOPMENT_TEAM = 275674938X;
				INFOPLIST_FILE = TwoMinuteWarning/Info.plist;
				IPHONEOS_DEPLOYMENT_TARGET = 11.1;
				LD_RUNPATH_SEARCH_PATHS = "$(inherited) @executable_path/Frameworks";
				PRODUCT_BUNDLE_IDENTIFIER = com.southhillscode.TwoMinuteWarning;
				PRODUCT_NAME = "$(TARGET_NAME)";
				PROVISIONING_PROFILE_SPECIFIER = "";
				SWIFT_SWIFT3_OBJC_INFERENCE = Off;
				SWIFT_VERSION = 4.0;
				TARGETED_DEVICE_FAMILY = 1;
			};
			name = Debug;
		};
		D43867FC1F6808C00044FD57 /* Release */ = {
			isa = XCBuildConfiguration;
			buildSettings = {
				ALWAYS_EMBED_SWIFT_STANDARD_LIBRARIES = YES;
				ASSETCATALOG_COMPILER_APPICON_NAME = AppIcon;
				CODE_SIGN_ENTITLEMENTS = "";
				CODE_SIGN_IDENTITY = "iPhone Developer";
				"CODE_SIGN_IDENTITY[sdk=*]" = "iPhone Developer";
				"CODE_SIGN_IDENTITY[sdk=iphoneos*]" = "iPhone Developer";
				CODE_SIGN_STYLE = Automatic;
				DEVELOPMENT_TEAM = 275674938X;
				INFOPLIST_FILE = TwoMinuteWarning/Info.plist;
				IPHONEOS_DEPLOYMENT_TARGET = 11.1;
				LD_RUNPATH_SEARCH_PATHS = "$(inherited) @executable_path/Frameworks";
				PRODUCT_BUNDLE_IDENTIFIER = com.southhillscode.TwoMinuteWarning;
				PRODUCT_NAME = "$(TARGET_NAME)";
				PROVISIONING_PROFILE_SPECIFIER = "";
				SWIFT_SWIFT3_OBJC_INFERENCE = Off;
				SWIFT_VERSION = 4.0;
				TARGETED_DEVICE_FAMILY = 1;
			};
			name = Release;
		};
/* End XCBuildConfiguration section */

/* Begin XCConfigurationList section */
		D43867E01F6808C00044FD57 /* Build configuration list for PBXProject "TwoMinuteWarning" */ = {
			isa = XCConfigurationList;
			buildConfigurations = (
				D43867F81F6808C00044FD57 /* Debug */,
				D43867F91F6808C00044FD57 /* Release */,
			);
			defaultConfigurationIsVisible = 0;
			defaultConfigurationName = Release;
		};
		D43867FA1F6808C00044FD57 /* Build configuration list for PBXNativeTarget "TwoMinuteWarning" */ = {
			isa = XCConfigurationList;
			buildConfigurations = (
				D43867FB1F6808C00044FD57 /* Debug */,
				D43867FC1F6808C00044FD57 /* Release */,
			);
			defaultConfigurationIsVisible = 0;
			defaultConfigurationName = Release;
		};
/* End XCConfigurationList section */

/* Begin XCVersionGroup section */
		D43867EF1F6808C00044FD57 /* TwoMinuteWarning.xcdatamodeld */ = {
			isa = XCVersionGroup;
			children = (
				D43867F01F6808C00044FD57 /* TwoMinuteWarning.xcdatamodel */,
			);
			currentVersion = D43867F01F6808C00044FD57 /* TwoMinuteWarning.xcdatamodel */;
			path = TwoMinuteWarning.xcdatamodeld;
			sourceTree = "<group>";
			versionGroupType = wrapper.xcdatamodel;
		};
/* End XCVersionGroup section */
	};
	rootObject = D43867DD1F6808C00044FD57 /* Project object */;
}
